
Microsoft Visual Studio Solution File, Format Version 12.00
# Visual Studio Version 17
VisualStudioVersion = 17.3.32929.385
MinimumVisualStudioVersion = 10.0.40219.1
Project("{8BC9CEB8-8B4A-11D0-8D11-00A0C91BC942}") = "CppStudy1", "CppStudy1\CppStudy1.vcxproj", "{B4B49C98-980E-4F2D-8ADB-063154E036CA}"
EndProject
Global
	GlobalSection(SolutionConfigurationPlatforms) = preSolution
		Debug|x64 = Debug|x64
		Debug|x86 = Debug|x86
		Release|x64 = Release|x64
		Release|x86 = Release|x86
	EndGlobalSection
	GlobalSection(ProjectConfigurationPlatforms) = postSolution
		{B4B49C98-980E-4F2D-8ADB-063154E036CA}.Debug|x64.ActiveCfg = Debug|x64
		{B4B49C98-980E-4F2D-8ADB-063154E036CA}.Debug|x64.Build.0 = Debug|x64
		{B4B49C98-980E-4F2D-8ADB-063154E036CA}.Debug|x86.ActiveCfg = Debug|Win32
		{B4B49C98-980E-4F2D-8ADB-063154E036CA}.Debug|x86.Build.0 = Debug|Win32
		{B4B49C98-980E-4F2D-8ADB-063154E036CA}.Release|x64.ActiveCfg = Release|x64
		{B4B49C98-980E-4F2D-8ADB-063154E036CA}.Release|x64.Build.0 = Release|x64
		{B4B49C98-980E-4F2D-8ADB-063154E036CA}.Release|x86.ActiveCfg = Release|Win32
		{B4B49C98-980E-4F2D-8ADB-063154E036CA}.Release|x86.Build.0 = Release|Win32
	EndGlobalSection
	GlobalSection(SolutionProperties) = preSolution
		HideSolutionNode = FALSE
	EndGlobalSection
	GlobalSection(ExtensibilityGlobals) = postSolution
		SolutionGuid = {4B2B3B22-2379-42A0-989A-30CDD2172E57}
	EndGlobalSection
EndGlobal
