
Microsoft Visual Studio Solution File, Format Version 12.00
# Visual Studio Version 17
VisualStudioVersion = 17.3.32929.385
MinimumVisualStudioVersion = 10.0.40219.1
Project("{8BC9CEB8-8B4A-11D0-8D11-00A0C91BC942}") = "CppStudy3", "CppStudy3\CppStudy3.vcxproj", "{4C201D8F-68CC-4715-A5A1-0C5C256AFEA8}"
EndProject
Global
	GlobalSection(SolutionConfigurationPlatforms) = preSolution
		Debug|x64 = Debug|x64
		Debug|x86 = Debug|x86
		Release|x64 = Release|x64
		Release|x86 = Release|x86
	EndGlobalSection
	GlobalSection(ProjectConfigurationPlatforms) = postSolution
		{4C201D8F-68CC-4715-A5A1-0C5C256AFEA8}.Debug|x64.ActiveCfg = Debug|x64
		{4C201D8F-68CC-4715-A5A1-0C5C256AFEA8}.Debug|x64.Build.0 = Debug|x64
		{4C201D8F-68CC-4715-A5A1-0C5C256AFEA8}.Debug|x86.ActiveCfg = Debug|Win32
		{4C201D8F-68CC-4715-A5A1-0C5C256AFEA8}.Debug|x86.Build.0 = Debug|Win32
		{4C201D8F-68CC-4715-A5A1-0C5C256AFEA8}.Release|x64.ActiveCfg = Release|x64
		{4C201D8F-68CC-4715-A5A1-0C5C256AFEA8}.Release|x64.Build.0 = Release|x64
		{4C201D8F-68CC-4715-A5A1-0C5C256AFEA8}.Release|x86.ActiveCfg = Release|Win32
		{4C201D8F-68CC-4715-A5A1-0C5C256AFEA8}.Release|x86.Build.0 = Release|Win32
	EndGlobalSection
	GlobalSection(SolutionProperties) = preSolution
		HideSolutionNode = FALSE
	EndGlobalSection
	GlobalSection(ExtensibilityGlobals) = postSolution
		SolutionGuid = {BA3FA0D4-2685-4855-B161-33A5CD3BB8AD}
	EndGlobalSection
EndGlobal
